
Microsoft Visual Studio Solution File, Format Version 12.00
# Visual Studio Version 16
VisualStudioVersion = 16.0.29728.190
MinimumVisualStudioVersion = 10.0.40219.1
Project("{2150E333-8FDC-42A3-9474-1A3956D46DE8}") = "1-Presentation.Layer", "1-Presentation.Layer", "{436076BD-A9EC-4240-B9E7-BC405E1382EC}"
EndProject
Project("{2150E333-8FDC-42A3-9474-1A3956D46DE8}") = "2-Application.Layer", "2-Application.Layer", "{6E1B3005-9398-42D7-B53D-631BE55E7274}"
EndProject
Project("{2150E333-8FDC-42A3-9474-1A3956D46DE8}") = "3-Domain.layer", "3-Domain.layer", "{49D76D2F-9D67-4C37-9963-6C835BC6B995}"
EndProject
Project("{2150E333-8FDC-42A3-9474-1A3956D46DE8}") = "4-Infrastructure.Layer", "4-Infrastructure.Layer", "{954B0684-EA0F-4D07-9347-FB7CEBE92A4B}"
EndProject
Project("{9A19103F-16F7-4668-BE54-9A1E7A4F7556}") = "Desafio.Tech.Dog.ApplicationService", "Desafio.Tech.Dog.ApplicationService\Desafio.Tech.Dog.ApplicationService.csproj", "{B05008FF-3E77-45E9-819E-8856BE6B788C}"
EndProject
Project("{9A19103F-16F7-4668-BE54-9A1E7A4F7556}") = "Desafio.Tech.Dog.Domain", "Desafio.Tech.Dog.Domain\Desafio.Tech.Dog.Domain.csproj", "{44DC66D8-ABD5-4561-86F9-805F71DB0DA9}"
EndProject
Project("{FAE04EC0-301F-11D3-BF4B-00C04F79EFBC}") = "Desafio.Tech.Dog.API", "Desafio.Tech.Dog.API\Desafio.Tech.Dog.API.csproj", "{88B10C5C-53E0-4DBD-B72A-C4574EA3241E}"
EndProject
Project("{FAE04EC0-301F-11D3-BF4B-00C04F79EFBC}") = "Desafio.Tech.Dog.Repository.CrossCutting", "Desafio.Tech.Dog.Repository.CrossCutting\Desafio.Tech.Dog.Repository.CrossCutting.csproj", "{52AA5301-6E19-4F41-BF32-E3AF16A720A5}"
EndProject
Project("{FAE04EC0-301F-11D3-BF4B-00C04F79EFBC}") = "Desafio.Tech.Dog.Repository", "Desafio.Tech.Dog.Repository\Desafio.Tech.Dog.Repository.csproj", "{8D429214-BCC1-47DA-A64C-CE3E54A114CE}"
EndProject
Global
	GlobalSection(SolutionConfigurationPlatforms) = preSolution
		Debug|Any CPU = Debug|Any CPU
		Release|Any CPU = Release|Any CPU
	EndGlobalSection
	GlobalSection(ProjectConfigurationPlatforms) = postSolution
		{B05008FF-3E77-45E9-819E-8856BE6B788C}.Debug|Any CPU.ActiveCfg = Debug|Any CPU
		{B05008FF-3E77-45E9-819E-8856BE6B788C}.Debug|Any CPU.Build.0 = Debug|Any CPU
		{B05008FF-3E77-45E9-819E-8856BE6B788C}.Release|Any CPU.ActiveCfg = Release|Any CPU
		{B05008FF-3E77-45E9-819E-8856BE6B788C}.Release|Any CPU.Build.0 = Release|Any CPU
		{44DC66D8-ABD5-4561-86F9-805F71DB0DA9}.Debug|Any CPU.ActiveCfg = Debug|Any CPU
		{44DC66D8-ABD5-4561-86F9-805F71DB0DA9}.Debug|Any CPU.Build.0 = Debug|Any CPU
		{44DC66D8-ABD5-4561-86F9-805F71DB0DA9}.Release|Any CPU.ActiveCfg = Release|Any CPU
		{44DC66D8-ABD5-4561-86F9-805F71DB0DA9}.Release|Any CPU.Build.0 = Release|Any CPU
		{88B10C5C-53E0-4DBD-B72A-C4574EA3241E}.Debug|Any CPU.ActiveCfg = Debug|Any CPU
		{88B10C5C-53E0-4DBD-B72A-C4574EA3241E}.Debug|Any CPU.Build.0 = Debug|Any CPU
		{88B10C5C-53E0-4DBD-B72A-C4574EA3241E}.Release|Any CPU.ActiveCfg = Release|Any CPU
		{88B10C5C-53E0-4DBD-B72A-C4574EA3241E}.Release|Any CPU.Build.0 = Release|Any CPU
		{52AA5301-6E19-4F41-BF32-E3AF16A720A5}.Debug|Any CPU.ActiveCfg = Debug|Any CPU
		{52AA5301-6E19-4F41-BF32-E3AF16A720A5}.Debug|Any CPU.Build.0 = Debug|Any CPU
		{52AA5301-6E19-4F41-BF32-E3AF16A720A5}.Release|Any CPU.ActiveCfg = Release|Any CPU
		{52AA5301-6E19-4F41-BF32-E3AF16A720A5}.Release|Any CPU.Build.0 = Release|Any CPU
		{8D429214-BCC1-47DA-A64C-CE3E54A114CE}.Debug|Any CPU.ActiveCfg = Debug|Any CPU
		{8D429214-BCC1-47DA-A64C-CE3E54A114CE}.Debug|Any CPU.Build.0 = Debug|Any CPU
		{8D429214-BCC1-47DA-A64C-CE3E54A114CE}.Release|Any CPU.ActiveCfg = Release|Any CPU
		{8D429214-BCC1-47DA-A64C-CE3E54A114CE}.Release|Any CPU.Build.0 = Release|Any CPU
	EndGlobalSection
	GlobalSection(SolutionProperties) = preSolution
		HideSolutionNode = FALSE
	EndGlobalSection
	GlobalSection(NestedProjects) = preSolution
		{B05008FF-3E77-45E9-819E-8856BE6B788C} = {6E1B3005-9398-42D7-B53D-631BE55E7274}
		{44DC66D8-ABD5-4561-86F9-805F71DB0DA9} = {49D76D2F-9D67-4C37-9963-6C835BC6B995}
		{88B10C5C-53E0-4DBD-B72A-C4574EA3241E} = {436076BD-A9EC-4240-B9E7-BC405E1382EC}
		{52AA5301-6E19-4F41-BF32-E3AF16A720A5} = {954B0684-EA0F-4D07-9347-FB7CEBE92A4B}
		{8D429214-BCC1-47DA-A64C-CE3E54A114CE} = {954B0684-EA0F-4D07-9347-FB7CEBE92A4B}
	EndGlobalSection
	GlobalSection(ExtensibilityGlobals) = postSolution
		SolutionGuid = {F6C31BEC-EAE7-468D-B417-F4C4187B99FA}
	EndGlobalSection
EndGlobal
